
Microsoft Visual Studio Solution File, Format Version 12.00
# Visual Studio Version 16
VisualStudioVersion = 16.0.32002.261
MinimumVisualStudioVersion = 10.0.40219.1
Project("{FAE04EC0-301F-11D3-BF4B-00C04F79EFBC}") = "Delete the Middle Node of a Linked List", "Delete the Middle Node of a Linked List\Delete the Middle Node of a Linked List.csproj", "{2FEBB39C-45B8-43EB-996E-AA3ACA8B3FD6}"
EndProject
Global
	GlobalSection(SolutionConfigurationPlatforms) = preSolution
		Debug|Any CPU = Debug|Any CPU
		Release|Any CPU = Release|Any CPU
	EndGlobalSection
	GlobalSection(ProjectConfigurationPlatforms) = postSolution
		{2FEBB39C-45B8-43EB-996E-AA3ACA8B3FD6}.Debug|Any CPU.ActiveCfg = Debug|Any CPU
		{2FEBB39C-45B8-43EB-996E-AA3ACA8B3FD6}.Debug|Any CPU.Build.0 = Debug|Any CPU
		{2FEBB39C-45B8-43EB-996E-AA3ACA8B3FD6}.Release|Any CPU.ActiveCfg = Release|Any CPU
		{2FEBB39C-45B8-43EB-996E-AA3ACA8B3FD6}.Release|Any CPU.Build.0 = Release|Any CPU
	EndGlobalSection
	GlobalSection(SolutionProperties) = preSolution
		HideSolutionNode = FALSE
	EndGlobalSection
	GlobalSection(ExtensibilityGlobals) = postSolution
		SolutionGuid = {0FB35520-2F77-4F8C-A822-DE6CE2CC0CB4}
	EndGlobalSection
EndGlobal
